git.sr.ht/~shulhan/asciidoctor-go v0.4.1 h1:Zev0L5HyMjH43sPaoJal8E/Hmbel/akoGOxNykhN4Dw=
git.sr.ht/~shulhan/asciidoctor-go v0.4.1/go.mod h1:vRHDUl3o3UzDkvVR9dEFYQ0JDqOh0TKpOZWvOh/CGZU=
git.sr.ht/~shulhan/ciigo v0.10.0 h1:s1SJ3/NzBcbOLmEZ4z1Cx9Vf7ZdDIvm45b7KMCZKzEY=
git.sr.ht/~shulhan/ciigo v0.10.0/go.mod h1:cG6av+ywJZZp96F43kmLB2QWjm2hYiahbsbeTX/vlgk=
github.com/shuLhan/share v0.48.1-0.20230709164456-1009fd94d528 h1:k7u+ZfJAFPtS86gkvXGpm7PkeJCGC7zHeK+EhZtlOXI=
github.com/shuLhan/share v0.48.1-0.20230709164456-1009fd94d528/go.mod h1:r62fv84VYzAW51LKCb6X84ksWVGNvQMDN3I4s4zZHfI=
github.com/yuin/goldmark v1.5.4 h1:2uY/xC0roWy8IBEGLgB1ywIoEJFGmRrX21YQcvGZzjU=
github.com/yuin/goldmark v1.5.4/go.mod h1:6yULJ656Px+3vBD8DxQVa3kxgyrAnzto9xy5taEt/CY=
github.com/yuin/goldmark-meta v1.1.0 h1:pWw+JLHGZe8Rk0EGsMVssiNb/AaPMHfSRszZeUeiOUc=
github.com/yuin/goldmark-meta v1.1.0/go.mod h1:U4spWENafuA7Zyg+Lj5RqK/MF+ovMYtBvXi1lBb2VP0=
golang.org/x/crypto v0.10.0 h1:LKqV2xt9+kDzSTfOhx4FrkEBcMrAgHSYgzywV9zcGmM=
golang.org/x/crypto v0.10.0/go.mod h1:o4eNf7Ede1fv+hwOwZsTHl9EsPFO6q6ZvYR8vYfY45I=
golang.org/x/net v0.11.0 h1:Gi2tvZIJyBtO9SDr1q9h5hEQCp/4L2RQ+ar0qjx2oNU=
golang.org/x/net v0.11.0/go.mod h1:2L/ixqYpgIVXmeoSA/4Lu7BzTG4KIyPIryS4IsOd1oQ=
golang.org/x/sys v0.9.0 h1:KS/R3tvhPqvJvwcKfnBHJwwthS11LRhmM5D59eEXa0s=
golang.org/x/sys v0.9.0/go.mod h1:oPkhp1MJrh7nUepCBck5+mAzfO9JrbApNNgaTdGDITg=
gopkg.in/check.v1 v0.0.0-20161208181325-20d25e280405 h1:yhCVgyC4o1eVCa2tZl7eS0r+SDo693bJlVdllGtEeKM=
gopkg.in/check.v1 v0.0.0-20161208181325-20d25e280405/go.mod h1:Co6ibVJAznAaIkqp8huTwlJQCZ016jof/cbN4VW5Yz0=
gopkg.in/yaml.v2 v2.3.0 h1:clyUAQHOM3G0M3f5vQj7LuJrETvjVot3Z5el9nffUtU=
gopkg.in/yaml.v2 v2.3.0/go.mod h1:hI93XBmqTisBFMUTm0b8Fm+jr3Dg1NNxqwp+5A1VGuI=
